
Microsoft Visual Studio Solution File, Format Version 12.00
# Visual Studio Version 17
VisualStudioVersion = 17.9.34723.18
MinimumVisualStudioVersion = 10.0.40219.1
Project("{FAE04EC0-301F-11D3-BF4B-00C04F79EFBC}") = "PSF Auto-install", "PSF Auto-install\PSF Auto-install.csproj", "{15FFC78F-B4DE-468B-9FB2-1D48A3DF46EE}"
EndProject
Global
	GlobalSection(SolutionConfigurationPlatforms) = preSolution
		Debug|Any CPU = Debug|Any CPU
		Release|Any CPU = Release|Any CPU
	EndGlobalSection
	GlobalSection(ProjectConfigurationPlatforms) = postSolution
		{15FFC78F-B4DE-468B-9FB2-1D48A3DF46EE}.Debug|Any CPU.ActiveCfg = Debug|Any CPU
		{15FFC78F-B4DE-468B-9FB2-1D48A3DF46EE}.Debug|Any CPU.Build.0 = Debug|Any CPU
		{15FFC78F-B4DE-468B-9FB2-1D48A3DF46EE}.Release|Any CPU.ActiveCfg = Release|Any CPU
		{15FFC78F-B4DE-468B-9FB2-1D48A3DF46EE}.Release|Any CPU.Build.0 = Release|Any CPU
	EndGlobalSection
	GlobalSection(SolutionProperties) = preSolution
		HideSolutionNode = FALSE
	EndGlobalSection
	GlobalSection(ExtensibilityGlobals) = postSolution
		SolutionGuid = {966BC166-F9E0-49A3-9E98-F4404F92BD2C}
	EndGlobalSection
EndGlobal
